
Microsoft Visual Studio Solution File, Format Version 12.00
# Visual Studio 14
VisualStudioVersion = 14.0.25123.0
MinimumVisualStudioVersion = 10.0.40219.1
Project("{FAE04EC0-301F-11D3-BF4B-00C04F79EFBC}") = "watched-it", "watched-it\watched-it.csproj", "{AD19F944-A658-4FA8-9323-9D2059B030FE}"
EndProject
Global
	GlobalSection(SolutionConfigurationPlatforms) = preSolution
		Debug|Any CPU = Debug|Any CPU
		Release|Any CPU = Release|Any CPU
	EndGlobalSection
	GlobalSection(ProjectConfigurationPlatforms) = postSolution
		{AD19F944-A658-4FA8-9323-9D2059B030FE}.Debug|Any CPU.ActiveCfg = Debug|Any CPU
		{AD19F944-A658-4FA8-9323-9D2059B030FE}.Debug|Any CPU.Build.0 = Debug|Any CPU
		{AD19F944-A658-4FA8-9323-9D2059B030FE}.Release|Any CPU.ActiveCfg = Release|Any CPU
		{AD19F944-A658-4FA8-9323-9D2059B030FE}.Release|Any CPU.Build.0 = Release|Any CPU
	EndGlobalSection
	GlobalSection(SolutionProperties) = preSolution
		HideSolutionNode = FALSE
	EndGlobalSection
EndGlobal
